
Microsoft Visual Studio Solution File, Format Version 12.00
# Visual Studio 14
VisualStudioVersion = 14.0.25420.1
MinimumVisualStudioVersion = 10.0.40219.1
Project("{8BC9CEB8-8B4A-11D0-8D11-00A0C91BC942}") = "VSIXBootstrapper", "src\VSIXBootstrapper\VSIXBootstrapper.vcxproj", "{22FFC1AB-F3E2-4379-B26E-67D67E2A1067}"
EndProject
Project("{2150E333-8FDC-42A3-9474-1A3956D46DE8}") = "src", "src", "{3A5D9917-703F-4280-81ED-F2E2BA648CB8}"
EndProject
Project("{2150E333-8FDC-42A3-9474-1A3956D46DE8}") = "Solution Items", "Solution Items", "{168CF38F-E3C9-43E1-BEC9-101BC97E926F}"
	ProjectSection(SolutionItems) = preProject
		CONTRIBUTING.md = CONTRIBUTING.md
		LICENSE.txt = LICENSE.txt
		README.md = README.md
	EndProjectSection
EndProject
Project("{2150E333-8FDC-42A3-9474-1A3956D46DE8}") = "pkg", "pkg", "{8EB71D2B-70CF-418B-9EE8-9B3BE2EE2D9B}"
EndProject
Project("{8BC9CEB8-8B4A-11D0-8D11-00A0C91BC942}") = "VSIXBootstrapper.Shared", "src\VSIXBootstrapper.Shared\VSIXBootstrapper.Shared.vcxitems", "{2A3EA4C8-207C-4AB4-A74F-4640A529767E}"
EndProject
Project("{2150E333-8FDC-42A3-9474-1A3956D46DE8}") = "test", "test", "{79F3BEAF-FBD2-4E77-8A47-CA8D12A478F4}"
EndProject
Project("{8BC9CEB8-8B4A-11D0-8D11-00A0C91BC942}") = "VSIXBootstrapper.Test", "test\VSIXBootstrapper.Test\VSIXBootstrapper.Test.vcxproj", "{EEADDAC3-DDD5-4A28-BB13-B3B76682C1E1}"
EndProject
Global
	GlobalSection(SharedMSBuildProjectFiles) = preSolution
		src\VSIXBootstrapper.Shared\VSIXBootstrapper.Shared.vcxitems*{22ffc1ab-f3e2-4379-b26e-67d67e2a1067}*SharedItemsImports = 4
		src\VSIXBootstrapper.Shared\VSIXBootstrapper.Shared.vcxitems*{2a3ea4c8-207c-4ab4-a74f-4640a529767e}*SharedItemsImports = 9
		src\VSIXBootstrapper.Shared\VSIXBootstrapper.Shared.vcxitems*{eeaddac3-ddd5-4a28-bb13-b3b76682c1e1}*SharedItemsImports = 4
	EndGlobalSection
	GlobalSection(SolutionConfigurationPlatforms) = preSolution
		Debug|x86 = Debug|x86
		Release|x86 = Release|x86
	EndGlobalSection
	GlobalSection(ProjectConfigurationPlatforms) = postSolution
		{22FFC1AB-F3E2-4379-B26E-67D67E2A1067}.Debug|x86.ActiveCfg = Debug|Win32
		{22FFC1AB-F3E2-4379-B26E-67D67E2A1067}.Debug|x86.Build.0 = Debug|Win32
		{22FFC1AB-F3E2-4379-B26E-67D67E2A1067}.Release|x86.ActiveCfg = Release|Win32
		{22FFC1AB-F3E2-4379-B26E-67D67E2A1067}.Release|x86.Build.0 = Release|Win32
		{EEADDAC3-DDD5-4A28-BB13-B3B76682C1E1}.Debug|x86.ActiveCfg = Debug|Win32
		{EEADDAC3-DDD5-4A28-BB13-B3B76682C1E1}.Debug|x86.Build.0 = Debug|Win32
		{EEADDAC3-DDD5-4A28-BB13-B3B76682C1E1}.Release|x86.ActiveCfg = Release|Win32
		{EEADDAC3-DDD5-4A28-BB13-B3B76682C1E1}.Release|x86.Build.0 = Release|Win32
	EndGlobalSection
	GlobalSection(SolutionProperties) = preSolution
		HideSolutionNode = FALSE
	EndGlobalSection
	GlobalSection(NestedProjects) = preSolution
		{22FFC1AB-F3E2-4379-B26E-67D67E2A1067} = {3A5D9917-703F-4280-81ED-F2E2BA648CB8}
		{2A3EA4C8-207C-4AB4-A74F-4640A529767E} = {3A5D9917-703F-4280-81ED-F2E2BA648CB8}
		{EEADDAC3-DDD5-4A28-BB13-B3B76682C1E1} = {79F3BEAF-FBD2-4E77-8A47-CA8D12A478F4}
	EndGlobalSection
EndGlobal
